
Microsoft Visual Studio Solution File, Format Version 12.00
# Visual Studio Version 17
VisualStudioVersion = 17.10.35122.118
MinimumVisualStudioVersion = 10.0.40219.1
Project("{FAE04EC0-301F-11D3-BF4B-00C04F79EFBC}") = "AudioPlayer", "AudioPlayer\AudioPlayer.csproj", "{EBC8641C-6348-4B8D-8795-DAD4EBE0E61B}"
EndProject
Global
	GlobalSection(SolutionConfigurationPlatforms) = preSolution
		Debug|Any CPU = Debug|Any CPU
		Release|Any CPU = Release|Any CPU
	EndGlobalSection
	GlobalSection(ProjectConfigurationPlatforms) = postSolution
		{EBC8641C-6348-4B8D-8795-DAD4EBE0E61B}.Debug|Any CPU.ActiveCfg = Debug|Any CPU
		{EBC8641C-6348-4B8D-8795-DAD4EBE0E61B}.Debug|Any CPU.Build.0 = Debug|Any CPU
		{EBC8641C-6348-4B8D-8795-DAD4EBE0E61B}.Release|Any CPU.ActiveCfg = Release|Any CPU
		{EBC8641C-6348-4B8D-8795-DAD4EBE0E61B}.Release|Any CPU.Build.0 = Release|Any CPU
	EndGlobalSection
	GlobalSection(SolutionProperties) = preSolution
		HideSolutionNode = FALSE
	EndGlobalSection
	GlobalSection(ExtensibilityGlobals) = postSolution
		SolutionGuid = {4FC266E7-4F71-48CE-954C-03C0DD886BA9}
	EndGlobalSection
EndGlobal
